{
  "nodes": {
    "nixpkgs": {
      "locked": {
        "lastModified": 1790463110,
        "narHash": "sha256-hKlVl12B1dF0Q5vd9dY3lIJM5mFGWYSlXwSLAqHZ1+s=",
        "owner": "NixOS",
        "repo": "nixpkgs",
        "rev": "e158d9ed9b51c98974c5e66e1ba1c9e0255fecaa",
        "type": "github"
      },
      "original": {
        "owner": "NixOS",
        "ref": "nixos-unstable",
        "repo": "nixpkgs",
        "type": "github"
      }
    },
    "nixpkgs-intel-darwin": {
      "locked": {
        "lastModified": 1790464739,
        "narHash": "sha256-Qnka4V0EL+0pEWw1GyR3E+AcSdV6tDtXaDbOjioDGbY=",
        "owner": "NixOS",
        "repo": "nixpkgs",
        "rev": "6148957ce83ee7327e2ff9c3067b44a69f42d2de",
        "type": "github"
      },
      "original": {
        "owner": "NixOS",
        "ref": "nixpkgs-26.05-darwin",
        "repo": "nixpkgs",
        "type": "github"
      }
    },
    "root": {
      "inputs": {
        "nixpkgs": "nixpkgs",
        "nixpkgs-intel-darwin": "nixpkgs-intel-darwin"
      }
    }
  },
  "root": "root",
  "version": 7
}
