{
  "nodes": {
    "nixpkgs": {
      "locked": {
        "lastModified": 1789785513,
        "narHash": "sha256-B44WL6h0XoLjJ41bUPJk0X5SDinLCII//6EcBLXKiJ0=",
        "owner": "NixOS",
        "repo": "nixpkgs",
        "rev": "20b1ddd1aa5ace70c9468305030aa4f9ef79671b",
        "type": "github"
      },
      "original": {
        "owner": "NixOS",
        "ref": "nixos-unstable",
        "repo": "nixpkgs",
        "type": "github"
      }
    },
    "nixpkgs-intel-darwin": {
      "locked": {
        "lastModified": 1789485310,
        "narHash": "sha256-VsDMTLSkAAJmbNha6sGNzlF33X7RESWLl3SnjDQu+4U=",
        "owner": "NixOS",
        "repo": "nixpkgs",
        "rev": "0c32f40fe3e2a9adfc427fd5abc061a31043ea44",
        "type": "github"
      },
      "original": {
        "owner": "NixOS",
        "ref": "nixpkgs-26.05-darwin",
        "repo": "nixpkgs",
        "type": "github"
      }
    },
    "root": {
      "inputs": {
        "nixpkgs": "nixpkgs",
        "nixpkgs-intel-darwin": "nixpkgs-intel-darwin"
      }
    }
  },
  "root": "root",
  "version": 7
}
